// !$*UTF8*$!
{
	archiveVersion = 1;
	classes = {
	};
	objectVersion = 46;
	objects = {

/* Begin PBXBuildFile section */
		AF0A15A41678887400E0CD4D /* Cocoa.framework in Frameworks */ = {isa = PBXBuildFile; fileRef = AF0A15801678857100E0CD4D /* Cocoa.framework */; };
		AF0A15AA1678887400E0CD4D /* InfoPlist.strings in Resources */ = {isa = PBXBuildFile; fileRef = AF0A15A81678887400E0CD4D /* InfoPlist.strings */; };
		AF0A15AC1678887400E0CD4D /* main.m in Sources */ = {isa = PBXBuildFile; fileRef = AF0A15AB1678887400E0CD4D /* main.m */; };
		AF0A15B01678887400E0CD4D /* Credits.rtf in Resources */ = {isa = PBXBuildFile; fileRef = AF0A15AE1678887400E0CD4D /* Credits.rtf */; };
		AF0A15B31678887400E0CD4D /* LEOAppDelegate.m in Sources */ = {isa = PBXBuildFile; fileRef = AF0A15B21678887400E0CD4D /* LEOAppDelegate.m */; };
		AF0A15B61678887400E0CD4D /* MainMenu.xib in Resources */ = {isa = PBXBuildFile; fileRef = AF0A15B41678887400E0CD4D /* MainMenu.xib */; };
		AF0A15C5167892DF00E0CD4D /* help.png in Resources */ = {isa = PBXBuildFile; fileRef = AF0A15C4167892DF00E0CD4D /* help.png */; };
		AF6DAB6C167981ED00AABBD7 /* LEOPanelController.m in Sources */ = {isa = PBXBuildFile; fileRef = AF6DAB6A167981ED00AABBD7 /* LEOPanelController.m */; };
		AF6DAB6D167981ED00AABBD7 /* LEOPanelController.xib in Resources */ = {isa = PBXBuildFile; fileRef = AF6DAB6B167981ED00AABBD7 /* LEOPanelController.xib */; };
		AF6DAB771679C4DA00AABBD7 /* icon.icns in Resources */ = {isa = PBXBuildFile; fileRef = AF6DAB761679C4DA00AABBD7 /* icon.icns */; };
		AF6DAB7A1679C5D600AABBD7 /* icon_16x16.png in Resources */ = {isa = PBXBuildFile; fileRef = AF6DAB781679C5D600AABBD7 /* icon_16x16.png */; };
		AF6DAB7B1679C5D600AABBD7 /* icon_16x16@2x.png in Resources */ = {isa = PBXBuildFile; fileRef = AF6DAB791679C5D600AABBD7 /* icon_16x16@2x.png */; };
/* End PBXBuildFile section */

/* Begin PBXFileReference section */
		AF0A15801678857100E0CD4D /* Cocoa.framework */ = {isa = PBXFileReference; lastKnownFileType = wrapper.framework; name = Cocoa.framework; path = System/Library/Frameworks/Cocoa.framework; sourceTree = SDKROOT; };
		AF0A15821678857200E0CD4D /* AppleScriptObjC.framework */ = {isa = PBXFileReference; lastKnownFileType = wrapper.framework; name = AppleScriptObjC.framework; path = System/Library/Frameworks/AppleScriptObjC.framework; sourceTree = SDKROOT; };
		AF0A15851678857200E0CD4D /* AppKit.framework */ = {isa = PBXFileReference; lastKnownFileType = wrapper.framework; name = AppKit.framework; path = System/Library/Frameworks/AppKit.framework; sourceTree = SDKROOT; };
		AF0A15861678857200E0CD4D /* CoreData.framework */ = {isa = PBXFileReference; lastKnownFileType = wrapper.framework; name = CoreData.framework; path = System/Library/Frameworks/CoreData.framework; sourceTree = SDKROOT; };
		AF0A15871678857200E0CD4D /* Foundation.framework */ = {isa = PBXFileReference; lastKnownFileType = wrapper.framework; name = Foundation.framework; path = System/Library/Frameworks/Foundation.framework; sourceTree = SDKROOT; };
		AF0A15A21678887400E0CD4D /* connectMac.app */ = {isa = PBXFileReference; explicitFileType = wrapper.application; includeInIndex = 0; path = connectMac.app; sourceTree = BUILT_PRODUCTS_DIR; };
		AF0A15A71678887400E0CD4D /* connectMac-Info.plist */ = {isa = PBXFileReference; lastKnownFileType = text.plist.xml; path = "connectMac-Info.plist"; sourceTree = "<group>"; };
		AF0A15A91678887400E0CD4D /* en */ = {isa = PBXFileReference; lastKnownFileType = text.plist.strings; name = en; path = en.lproj/InfoPlist.strings; sourceTree = "<group>"; };
		AF0A15AB1678887400E0CD4D /* main.m */ = {isa = PBXFileReference; lastKnownFileType = sourcecode.c.objc; path = main.m; sourceTree = "<group>"; };
		AF0A15AD1678887400E0CD4D /* connectMac-Prefix.pch */ = {isa = PBXFileReference; lastKnownFileType = sourcecode.c.h; path = "connectMac-Prefix.pch"; sourceTree = "<group>"; };
		AF0A15AF1678887400E0CD4D /* en */ = {isa = PBXFileReference; lastKnownFileType = text.rtf; name = en; path = en.lproj/Credits.rtf; sourceTree = "<group>"; };
		AF0A15B11678887400E0CD4D /* LEOAppDelegate.h */ = {isa = PBXFileReference; lastKnownFileType = sourcecode.c.h; path = LEOAppDelegate.h; sourceTree = "<group>"; };
		AF0A15B21678887400E0CD4D /* LEOAppDelegate.m */ = {isa = PBXFileReference; lastKnownFileType = sourcecode.c.objc; path = LEOAppDelegate.m; sourceTree = "<group>"; };
		AF0A15B51678887400E0CD4D /* en */ = {isa = PBXFileReference; lastKnownFileType = file.xib; name = en; path = en.lproj/MainMenu.xib; sourceTree = "<group>"; };
		AF0A15C4167892DF00E0CD4D /* help.png */ = {isa = PBXFileReference; lastKnownFileType = image.png; path = help.png; sourceTree = "<group>"; };
		AF6DAB69167981ED00AABBD7 /* LEOPanelController.h */ = {isa = PBXFileReference; fileEncoding = 4; lastKnownFileType = sourcecode.c.h; path = LEOPanelController.h; sourceTree = "<group>"; };
		AF6DAB6A167981ED00AABBD7 /* LEOPanelController.m */ = {isa = PBXFileReference; fileEncoding = 4; lastKnownFileType = sourcecode.c.objc; path = LEOPanelController.m; sourceTree = "<group>"; };
		AF6DAB6B167981ED00AABBD7 /* LEOPanelController.xib */ = {isa = PBXFileReference; fileEncoding = 4; lastKnownFileType = file.xib; path = LEOPanelController.xib; sourceTree = "<group>"; };
		AF6DAB761679C4DA00AABBD7 /* icon.icns */ = {isa = PBXFileReference; lastKnownFileType = image.icns; path = icon.icns; sourceTree = "<group>"; };
		AF6DAB781679C5D600AABBD7 /* icon_16x16.png */ = {isa = PBXFileReference; lastKnownFileType = image.png; path = icon_16x16.png; sourceTree = "<group>"; };
		AF6DAB791679C5D600AABBD7 /* icon_16x16@2x.png */ = {isa = PBXFileReference; lastKnownFileType = image.png; path = "icon_16x16@2x.png"; sourceTree = "<group>"; };
/* End PBXFileReference section */

/* Begin PBXFrameworksBuildPhase section */
		AF0A159F1678887400E0CD4D /* Frameworks */ = {
			isa = PBXFrameworksBuildPhase;
			buildActionMask = 2147483647;
			files = (
				AF0A15A41678887400E0CD4D /* Cocoa.framework in Frameworks */,
			);
			runOnlyForDeploymentPostprocessing = 0;
		};
/* End PBXFrameworksBuildPhase section */

/* Begin PBXGroup section */
		AF0A15711678857100E0CD4D = {
			isa = PBXGroup;
			children = (
				AF6DAB761679C4DA00AABBD7 /* icon.icns */,
				AF0A15A51678887400E0CD4D /* connectMac */,
				AF0A157F1678857100E0CD4D /* Frameworks */,
				AF0A157D1678857100E0CD4D /* Products */,
			);
			sourceTree = "<group>";
		};
		AF0A157D1678857100E0CD4D /* Products */ = {
			isa = PBXGroup;
			children = (
				AF0A15A21678887400E0CD4D /* connectMac.app */,
			);
			name = Products;
			sourceTree = "<group>";
		};
		AF0A157F1678857100E0CD4D /* Frameworks */ = {
			isa = PBXGroup;
			children = (
				AF0A15801678857100E0CD4D /* Cocoa.framework */,
				AF0A15821678857200E0CD4D /* AppleScriptObjC.framework */,
				AF0A15841678857200E0CD4D /* Other Frameworks */,
			);
			name = Frameworks;
			sourceTree = "<group>";
		};
		AF0A15841678857200E0CD4D /* Other Frameworks */ = {
			isa = PBXGroup;
			children = (
				AF0A15851678857200E0CD4D /* AppKit.framework */,
				AF0A15861678857200E0CD4D /* CoreData.framework */,
				AF0A15871678857200E0CD4D /* Foundation.framework */,
			);
			name = "Other Frameworks";
			sourceTree = "<group>";
		};
		AF0A15A51678887400E0CD4D /* connectMac */ = {
			isa = PBXGroup;
			children = (
				AF0A15B11678887400E0CD4D /* LEOAppDelegate.h */,
				AF0A15B21678887400E0CD4D /* LEOAppDelegate.m */,
				AF0A15B41678887400E0CD4D /* MainMenu.xib */,
				AF0A15A61678887400E0CD4D /* Supporting Files */,
				AF6DAB69167981ED00AABBD7 /* LEOPanelController.h */,
				AF6DAB6A167981ED00AABBD7 /* LEOPanelController.m */,
				AF6DAB6B167981ED00AABBD7 /* LEOPanelController.xib */,
			);
			path = connectMac;
			sourceTree = "<group>";
		};
		AF0A15A61678887400E0CD4D /* Supporting Files */ = {
			isa = PBXGroup;
			children = (
				AF6DAB781679C5D600AABBD7 /* icon_16x16.png */,
				AF6DAB791679C5D600AABBD7 /* icon_16x16@2x.png */,
				AF0A15C4167892DF00E0CD4D /* help.png */,
				AF0A15A71678887400E0CD4D /* connectMac-Info.plist */,
				AF0A15A81678887400E0CD4D /* InfoPlist.strings */,
				AF0A15AB1678887400E0CD4D /* main.m */,
				AF0A15AD1678887400E0CD4D /* connectMac-Prefix.pch */,
				AF0A15AE1678887400E0CD4D /* Credits.rtf */,
			);
			name = "Supporting Files";
			sourceTree = "<group>";
		};
/* End PBXGroup section */

/* Begin PBXNativeTarget section */
		AF0A15A11678887400E0CD4D /* connectMac */ = {
			isa = PBXNativeTarget;
			buildConfigurationList = AF0A15B71678887400E0CD4D /* Build configuration list for PBXNativeTarget "connectMac" */;
			buildPhases = (
				AF0A159E1678887400E0CD4D /* Sources */,
				AF0A159F1678887400E0CD4D /* Frameworks */,
				AF0A15A01678887400E0CD4D /* Resources */,
			);
			buildRules = (
			);
			dependencies = (
			);
			name = connectMac;
			productName = connectMac;
			productReference = AF0A15A21678887400E0CD4D /* connectMac.app */;
			productType = "com.apple.product-type.application";
		};
/* End PBXNativeTarget section */

/* Begin PBXProject section */
		AF0A15731678857100E0CD4D /* Project object */ = {
			isa = PBXProject;
			attributes = {
				CLASSPREFIX = LEO;
				LastUpgradeCheck = 0450;
				ORGANIZATIONNAME = SAE;
			};
			buildConfigurationList = AF0A15761678857100E0CD4D /* Build configuration list for PBXProject "connectForMac" */;
			compatibilityVersion = "Xcode 3.2";
			developmentRegion = English;
			hasScannedForEncodings = 0;
			knownRegions = (
				en,
			);
			mainGroup = AF0A15711678857100E0CD4D;
			productRefGroup = AF0A157D1678857100E0CD4D /* Products */;
			projectDirPath = "";
			projectRoot = "";
			targets = (
				AF0A15A11678887400E0CD4D /* connectMac */,
			);
		};
/* End PBXProject section */

/* Begin PBXResourcesBuildPhase section */
		AF0A15A01678887400E0CD4D /* Resources */ = {
			isa = PBXResourcesBuildPhase;
			buildActionMask = 2147483647;
			files = (
				AF0A15AA1678887400E0CD4D /* InfoPlist.strings in Resources */,
				AF0A15B01678887400E0CD4D /* Credits.rtf in Resources */,
				AF0A15B61678887400E0CD4D /* MainMenu.xib in Resources */,
				AF0A15C5167892DF00E0CD4D /* help.png in Resources */,
				AF6DAB6D167981ED00AABBD7 /* LEOPanelController.xib in Resources */,
				AF6DAB771679C4DA00AABBD7 /* icon.icns in Resources */,
				AF6DAB7A1679C5D600AABBD7 /* icon_16x16.png in Resources */,
				AF6DAB7B1679C5D600AABBD7 /* icon_16x16@2x.png in Resources */,
			);
			runOnlyForDeploymentPostprocessing = 0;
		};
/* End PBXResourcesBuildPhase section */

/* Begin PBXSourcesBuildPhase section */
		AF0A159E1678887400E0CD4D /* Sources */ = {
			isa = PBXSourcesBuildPhase;
			buildActionMask = 2147483647;
			files = (
				AF0A15AC1678887400E0CD4D /* main.m in Sources */,
				AF0A15B31678887400E0CD4D /* LEOAppDelegate.m in Sources */,
				AF6DAB6C167981ED00AABBD7 /* LEOPanelController.m in Sources */,
			);
			runOnlyForDeploymentPostprocessing = 0;
		};
/* End PBXSourcesBuildPhase section */

/* Begin PBXVariantGroup section */
		AF0A15A81678887400E0CD4D /* InfoPlist.strings */ = {
			isa = PBXVariantGroup;
			children = (
				AF0A15A91678887400E0CD4D /* en */,
			);
			name = InfoPlist.strings;
			sourceTree = "<group>";
		};
		AF0A15AE1678887400E0CD4D /* Credits.rtf */ = {
			isa = PBXVariantGroup;
			children = (
				AF0A15AF1678887400E0CD4D /* en */,
			);
			name = Credits.rtf;
			sourceTree = "<group>";
		};
		AF0A15B41678887400E0CD4D /* MainMenu.xib */ = {
			isa = PBXVariantGroup;
			children = (
				AF0A15B51678887400E0CD4D /* en */,
			);
			name = MainMenu.xib;
			sourceTree = "<group>";
		};
/* End PBXVariantGroup section */

/* Begin XCBuildConfiguration section */
		AF0A15991678857200E0CD4D /* Debug */ = {
			isa = XCBuildConfiguration;
			buildSettings = {
				ALWAYS_SEARCH_USER_PATHS = NO;
				ARCHS = "$(ARCHS_STANDARD_64_BIT)";
				CLANG_CXX_LANGUAGE_STANDARD = "gnu++0x";
				CLANG_CXX_LIBRARY = "libc++";
				CLANG_WARN_EMPTY_BODY = YES;
				CLANG_WARN__DUPLICATE_METHOD_MATCH = YES;
				COPY_PHASE_STRIP = NO;
				GCC_C_LANGUAGE_STANDARD = gnu99;
				GCC_DYNAMIC_NO_PIC = NO;
				GCC_ENABLE_OBJC_EXCEPTIONS = YES;
				GCC_OPTIMIZATION_LEVEL = 0;
				GCC_PREPROCESSOR_DEFINITIONS = (
					"DEBUG=1",
					"$(inherited)",
				);
				GCC_SYMBOLS_PRIVATE_EXTERN = NO;
				GCC_WARN_64_TO_32_BIT_CONVERSION = YES;
				GCC_WARN_ABOUT_RETURN_TYPE = YES;
				GCC_WARN_UNINITIALIZED_AUTOS = YES;
				GCC_WARN_UNUSED_VARIABLE = YES;
				MACOSX_DEPLOYMENT_TARGET = 10.8;
				ONLY_ACTIVE_ARCH = YES;
				SDKROOT = macosx;
			};
			name = Debug;
		};
		AF0A159A1678857200E0CD4D /* Release */ = {
			isa = XCBuildConfiguration;
			buildSettings = {
				ALWAYS_SEARCH_USER_PATHS = NO;
				ARCHS = "$(ARCHS_STANDARD_64_BIT)";
				CLANG_CXX_LANGUAGE_STANDARD = "gnu++0x";
				CLANG_CXX_LIBRARY = "libc++";
				CLANG_WARN_EMPTY_BODY = YES;
				CLANG_WARN__DUPLICATE_METHOD_MATCH = YES;
				COPY_PHASE_STRIP = YES;
				DEBUG_INFORMATION_FORMAT = "dwarf-with-dsym";
				GCC_C_LANGUAGE_STANDARD = gnu99;
				GCC_ENABLE_OBJC_EXCEPTIONS = YES;
				GCC_WARN_64_TO_32_BIT_CONVERSION = YES;
				GCC_WARN_ABOUT_RETURN_TYPE = YES;
				GCC_WARN_UNINITIALIZED_AUTOS = YES;
				GCC_WARN_UNUSED_VARIABLE = YES;
				MACOSX_DEPLOYMENT_TARGET = 10.8;
				SDKROOT = macosx;
			};
			name = Release;
		};
		AF0A15B81678887400E0CD4D /* Debug */ = {
			isa = XCBuildConfiguration;
			buildSettings = {
				COMBINE_HIDPI_IMAGES = YES;
				GCC_PRECOMPILE_PREFIX_HEADER = YES;
				GCC_PREFIX_HEADER = "connectMac/connectMac-Prefix.pch";
				INFOPLIST_FILE = "connectMac/connectMac-Info.plist";
				MACOSX_DEPLOYMENT_TARGET = 10.6;
				PRODUCT_NAME = "$(TARGET_NAME)";
				WRAPPER_EXTENSION = app;
			};
			name = Debug;
		};
		AF0A15B91678887400E0CD4D /* Release */ = {
			isa = XCBuildConfiguration;
			buildSettings = {
				COMBINE_HIDPI_IMAGES = YES;
				GCC_PRECOMPILE_PREFIX_HEADER = YES;
				GCC_PREFIX_HEADER = "connectMac/connectMac-Prefix.pch";
				INFOPLIST_FILE = "connectMac/connectMac-Info.plist";
				MACOSX_DEPLOYMENT_TARGET = 10.6;
				PRODUCT_NAME = "$(TARGET_NAME)";
				WRAPPER_EXTENSION = app;
			};
			name = Release;
		};
/* End XCBuildConfiguration section */

/* Begin XCConfigurationList section */
		AF0A15761678857100E0CD4D /* Build configuration list for PBXProject "connectForMac" */ = {
			isa = XCConfigurationList;
			buildConfigurations = (
				AF0A15991678857200E0CD4D /* Debug */,
				AF0A159A1678857200E0CD4D /* Release */,
			);
			defaultConfigurationIsVisible = 0;
			defaultConfigurationName = Release;
		};
		AF0A15B71678887400E0CD4D /* Build configuration list for PBXNativeTarget "connectMac" */ = {
			isa = XCConfigurationList;
			buildConfigurations = (
				AF0A15B81678887400E0CD4D /* Debug */,
				AF0A15B91678887400E0CD4D /* Release */,
			);
			defaultConfigurationIsVisible = 0;
			defaultConfigurationName = Release;
		};
/* End XCConfigurationList section */
	};
	rootObject = AF0A15731678857100E0CD4D /* Project object */;
}
